
Microsoft Visual Studio Solution File, Format Version 12.00
# Visual Studio Version 17
VisualStudioVersion = 17.9.34723.18
MinimumVisualStudioVersion = 10.0.40219.1
Project("{8BC9CEB8-8B4A-11D0-8D11-00A0C91BC942}") = "AnnakGame", "AnnakGame\AnnakGame.vcxproj", "{47E48F1D-5BC3-4C6B-9CB2-A910555A73DC}"
EndProject
Global
	GlobalSection(SolutionConfigurationPlatforms) = preSolution
		Debug|x64 = Debug|x64
		Debug|x86 = Debug|x86
		Release|x64 = Release|x64
		Release|x86 = Release|x86
	EndGlobalSection
	GlobalSection(ProjectConfigurationPlatforms) = postSolution
		{47E48F1D-5BC3-4C6B-9CB2-A910555A73DC}.Debug|x64.ActiveCfg = Debug|x64
		{47E48F1D-5BC3-4C6B-9CB2-A910555A73DC}.Debug|x64.Build.0 = Debug|x64
		{47E48F1D-5BC3-4C6B-9CB2-A910555A73DC}.Debug|x86.ActiveCfg = Debug|Win32
		{47E48F1D-5BC3-4C6B-9CB2-A910555A73DC}.Debug|x86.Build.0 = Debug|Win32
		{47E48F1D-5BC3-4C6B-9CB2-A910555A73DC}.Release|x64.ActiveCfg = Release|x64
		{47E48F1D-5BC3-4C6B-9CB2-A910555A73DC}.Release|x64.Build.0 = Release|x64
		{47E48F1D-5BC3-4C6B-9CB2-A910555A73DC}.Release|x86.ActiveCfg = Release|Win32
		{47E48F1D-5BC3-4C6B-9CB2-A910555A73DC}.Release|x86.Build.0 = Release|Win32
	EndGlobalSection
	GlobalSection(SolutionProperties) = preSolution
		HideSolutionNode = FALSE
	EndGlobalSection
	GlobalSection(ExtensibilityGlobals) = postSolution
		SolutionGuid = {6F0BBC63-63F4-463A-AF8B-7A3F8AA8182F}
	EndGlobalSection
EndGlobal
